
Microsoft Visual Studio Solution File, Format Version 12.00
# Visual Studio Version 17
VisualStudioVersion = 17.4.33110.190
MinimumVisualStudioVersion = 10.0.40219.1
Project("{FAE04EC0-301F-11D3-BF4B-00C04F79EFBC}") = "OOPS-PRACTICE-PROBLEM", "OOPS-PRACTICE-PROBLEM.csproj", "{32F428B9-35BF-4C39-9357-F5D47A27F0A8}"
EndProject
Global
	GlobalSection(SolutionConfigurationPlatforms) = preSolution
		Debug|Any CPU = Debug|Any CPU
		Release|Any CPU = Release|Any CPU
	EndGlobalSection
	GlobalSection(ProjectConfigurationPlatforms) = postSolution
		{32F428B9-35BF-4C39-9357-F5D47A27F0A8}.Debug|Any CPU.ActiveCfg = Debug|Any CPU
		{32F428B9-35BF-4C39-9357-F5D47A27F0A8}.Debug|Any CPU.Build.0 = Debug|Any CPU
		{32F428B9-35BF-4C39-9357-F5D47A27F0A8}.Release|Any CPU.ActiveCfg = Release|Any CPU
		{32F428B9-35BF-4C39-9357-F5D47A27F0A8}.Release|Any CPU.Build.0 = Release|Any CPU
	EndGlobalSection
	GlobalSection(SolutionProperties) = preSolution
		HideSolutionNode = FALSE
	EndGlobalSection
	GlobalSection(ExtensibilityGlobals) = postSolution
		SolutionGuid = {BECC0B95-96EF-4A4C-9F82-02947E344E00}
	EndGlobalSection
EndGlobal
